
Microsoft Visual Studio Solution File, Format Version 12.00
# Visual Studio Version 16
VisualStudioVersion = 16.0.30002.166
MinimumVisualStudioVersion = 10.0.40219.1
Project("{FAE04EC0-301F-11D3-BF4B-00C04F79EFBC}") = "btl_uart", "btl_uart\btl_uart.csproj", "{22A14ED3-7595-4239-998A-9A3F0B00BE9F}"
EndProject
Global
	GlobalSection(SolutionConfigurationPlatforms) = preSolution
		Debug|Any CPU = Debug|Any CPU
		Release|Any CPU = Release|Any CPU
	EndGlobalSection
	GlobalSection(ProjectConfigurationPlatforms) = postSolution
		{22A14ED3-7595-4239-998A-9A3F0B00BE9F}.Debug|Any CPU.ActiveCfg = Debug|Any CPU
		{22A14ED3-7595-4239-998A-9A3F0B00BE9F}.Debug|Any CPU.Build.0 = Debug|Any CPU
		{22A14ED3-7595-4239-998A-9A3F0B00BE9F}.Release|Any CPU.ActiveCfg = Release|Any CPU
		{22A14ED3-7595-4239-998A-9A3F0B00BE9F}.Release|Any CPU.Build.0 = Release|Any CPU
	EndGlobalSection
	GlobalSection(SolutionProperties) = preSolution
		HideSolutionNode = FALSE
	EndGlobalSection
	GlobalSection(ExtensibilityGlobals) = postSolution
		SolutionGuid = {DA4280A2-BAA5-4A20-A625-B0619701A918}
	EndGlobalSection
EndGlobal
